// !$*UTF8*$!
{
	archiveVersion = 1;
	classes = {
	};
	objectVersion = 56;
	objects = {

/* Begin PBXBuildFile section */
		0B0FBE382B1D5FEF004FCE6F /* GoogleService-Info.plist in Resources */ = {isa = PBXBuildFile; fileRef = 0B0FBE372B1D5FEF004FCE6F /* GoogleService-Info.plist */; };
		0B0FBE3B2B1D60BE004FCE6F /* FirebaseAnalytics in Frameworks */ = {isa = PBXBuildFile; productRef = 0B0FBE3A2B1D60BE004FCE6F /* FirebaseAnalytics */; };
		0B0FBE3D2B1D60BE004FCE6F /* FirebaseAnalyticsOnDeviceConversion in Frameworks */ = {isa = PBXBuildFile; productRef = 0B0FBE3C2B1D60BE004FCE6F /* FirebaseAnalyticsOnDeviceConversion */; };
		0B0FBE3F2B1D60BE004FCE6F /* FirebaseAnalyticsSwift in Frameworks */ = {isa = PBXBuildFile; productRef = 0B0FBE3E2B1D60BE004FCE6F /* FirebaseAnalyticsSwift */; };
		0B0FBE412B1D60BE004FCE6F /* FirebaseAnalyticsWithoutAdIdSupport in Frameworks */ = {isa = PBXBuildFile; productRef = 0B0FBE402B1D60BE004FCE6F /* FirebaseAnalyticsWithoutAdIdSupport */; };
		0B0FBE432B1D60BE004FCE6F /* FirebaseAppCheck in Frameworks */ = {isa = PBXBuildFile; productRef = 0B0FBE422B1D60BE004FCE6F /* FirebaseAppCheck */; };
		0B0FBE462B1D667C004FCE6F /* FirebaseAuth in Frameworks */ = {isa = PBXBuildFile; productRef = 0B0FBE452B1D667C004FCE6F /* FirebaseAuth */; };
		0B0FBE482B1D80D6004FCE6F /* ConfiguracionViewController.swift in Sources */ = {isa = PBXBuildFile; fileRef = 0B0FBE472B1D80D6004FCE6F /* ConfiguracionViewController.swift */; };
		0B0FBE4A2B1D83CE004FCE6F /* MenuCell.swift in Sources */ = {isa = PBXBuildFile; fileRef = 0B0FBE492B1D83CE004FCE6F /* MenuCell.swift */; };
		0B0FBE4C2B1D85E4004FCE6F /* MenuOption.swift in Sources */ = {isa = PBXBuildFile; fileRef = 0B0FBE4B2B1D85E4004FCE6F /* MenuOption.swift */; };
		0B3C6BF82B1286C100D50456 /* Pedido+CoreDataClass.swift in Sources */ = {isa = PBXBuildFile; fileRef = 0B3C6BF62B1286C100D50456 /* Pedido+CoreDataClass.swift */; };
		0B3C6BF92B1286C100D50456 /* Pedido+CoreDataProperties.swift in Sources */ = {isa = PBXBuildFile; fileRef = 0B3C6BF72B1286C100D50456 /* Pedido+CoreDataProperties.swift */; };
		0B578AA32B086E9A00CC2D63 /* PresentacionViewController.swift in Sources */ = {isa = PBXBuildFile; fileRef = 0B578AA22B086E9A00CC2D63 /* PresentacionViewController.swift */; };
		0B578AA52B086EAC00CC2D63 /* DireccionViewController.swift in Sources */ = {isa = PBXBuildFile; fileRef = 0B578AA42B086EAC00CC2D63 /* DireccionViewController.swift */; };
		0B607ECC2ACE4DDB00D09466 /* PedidoCell.swift in Sources */ = {isa = PBXBuildFile; fileRef = 0B607ECB2ACE4DDB00D09466 /* PedidoCell.swift */; };
		0B607ECE2ACE503500D09466 /* PedidoDataManager.swift in Sources */ = {isa = PBXBuildFile; fileRef = 0B607ECD2ACE503500D09466 /* PedidoDataManager.swift */; };
		0B607ED52ACE60B700D09466 /* ListaPedidosViewController.swift in Sources */ = {isa = PBXBuildFile; fileRef = 0B607ED42ACE60B700D09466 /* ListaPedidosViewController.swift */; };
		0B96F8CF2A8EE6C30079B4C9 /* AppDelegate.swift in Sources */ = {isa = PBXBuildFile; fileRef = 0B96F8CE2A8EE6C30079B4C9 /* AppDelegate.swift */; };
		0B96F8D12A8EE6C30079B4C9 /* SceneDelegate.swift in Sources */ = {isa = PBXBuildFile; fileRef = 0B96F8D02A8EE6C30079B4C9 /* SceneDelegate.swift */; };
		0B96F8D92A8EE6C30079B4C9 /* ProyectoFinal_iOS.xcdatamodeld in Sources */ = {isa = PBXBuildFile; fileRef = 0B96F8D72A8EE6C30079B4C9 /* ProyectoFinal_iOS.xcdatamodeld */; };
		0B96F8DB2A8EE6C40079B4C9 /* Assets.xcassets in Resources */ = {isa = PBXBuildFile; fileRef = 0B96F8DA2A8EE6C40079B4C9 /* Assets.xcassets */; };
		0B96F8DE2A8EE6C40079B4C9 /* LaunchScreen.storyboard in Resources */ = {isa = PBXBuildFile; fileRef = 0B96F8DC2A8EE6C40079B4C9 /* LaunchScreen.storyboard */; };
		0B96F8E82A8EE75A0079B4C9 /* Main.storyboard in Resources */ = {isa = PBXBuildFile; fileRef = 0B96F8E72A8EE75A0079B4C9 /* Main.storyboard */; };
		0B96F8ED2A8EECB70079B4C9 /* LoginViewController.swift in Sources */ = {isa = PBXBuildFile; fileRef = 0B96F8EC2A8EECB70079B4C9 /* LoginViewController.swift */; };
		0B96F8EF2A8EF4820079B4C9 /* RegisterViewController.swift in Sources */ = {isa = PBXBuildFile; fileRef = 0B96F8EE2A8EF4820079B4C9 /* RegisterViewController.swift */; };
		0B96F8F12A8F17730079B4C9 /* NuevoPedidoViewController.swift in Sources */ = {isa = PBXBuildFile; fileRef = 0B96F8F02A8F17730079B4C9 /* NuevoPedidoViewController.swift */; };
		0B96F8F72A8F33B20079B4C9 /* DetallePedidoViewController.swift in Sources */ = {isa = PBXBuildFile; fileRef = 0B96F8F62A8F33B20079B4C9 /* DetallePedidoViewController.swift */; };
		0BB70CF02AD8D65D00559E7D /* CatalogoProductosViewController.swift in Sources */ = {isa = PBXBuildFile; fileRef = 0BB70CEF2AD8D65D00559E7D /* CatalogoProductosViewController.swift */; };
		0BB70CF22AD8D9D500559E7D /* ProductoCell.swift in Sources */ = {isa = PBXBuildFile; fileRef = 0BB70CF12AD8D9D500559E7D /* ProductoCell.swift */; };
		0BB70CF52AD8DE2400559E7D /* ProductoService.swift in Sources */ = {isa = PBXBuildFile; fileRef = 0BB70CF42AD8DE2400559E7D /* ProductoService.swift */; };
		0BB70CF72AD8DE6100559E7D /* Producto.swift in Sources */ = {isa = PBXBuildFile; fileRef = 0BB70CF62AD8DE6100559E7D /* Producto.swift */; };
		0BB70CFA2AD8E02300559E7D /* Constants.swift in Sources */ = {isa = PBXBuildFile; fileRef = 0BB70CF92AD8E02300559E7D /* Constants.swift */; };
		0BB70D032AD8F17900559E7D /* SDWebImage in Frameworks */ = {isa = PBXBuildFile; productRef = 0BB70D022AD8F17900559E7D /* SDWebImage */; };
		0BB70D052AD8F17900559E7D /* SDWebImageMapKit in Frameworks */ = {isa = PBXBuildFile; productRef = 0BB70D042AD8F17900559E7D /* SDWebImageMapKit */; };
		0BB70D072AD90F6C00559E7D /* DetalleProducto.swift in Sources */ = {isa = PBXBuildFile; fileRef = 0BB70D062AD90F6C00559E7D /* DetalleProducto.swift */; };
		0BFBA6792AE239D100583E4D /* DetalleProductoViewController.swift in Sources */ = {isa = PBXBuildFile; fileRef = 0BFBA6782AE239D100583E4D /* DetalleProductoViewController.swift */; };
/* End PBXBuildFile section */

/* Begin PBXFileReference section */
		0B0FBE372B1D5FEF004FCE6F /* GoogleService-Info.plist */ = {isa = PBXFileReference; fileEncoding = 4; lastKnownFileType = text.plist.xml; path = "GoogleService-Info.plist"; sourceTree = "<group>"; };
		0B0FBE472B1D80D6004FCE6F /* ConfiguracionViewController.swift */ = {isa = PBXFileReference; lastKnownFileType = sourcecode.swift; path = ConfiguracionViewController.swift; sourceTree = "<group>"; };
		0B0FBE492B1D83CE004FCE6F /* MenuCell.swift */ = {isa = PBXFileReference; lastKnownFileType = sourcecode.swift; path = MenuCell.swift; sourceTree = "<group>"; };
		0B0FBE4B2B1D85E4004FCE6F /* MenuOption.swift */ = {isa = PBXFileReference; lastKnownFileType = sourcecode.swift; path = MenuOption.swift; sourceTree = "<group>"; };
		0B3C6BF62B1286C100D50456 /* Pedido+CoreDataClass.swift */ = {isa = PBXFileReference; lastKnownFileType = sourcecode.swift; path = "Pedido+CoreDataClass.swift"; sourceTree = "<group>"; };
		0B3C6BF72B1286C100D50456 /* Pedido+CoreDataProperties.swift */ = {isa = PBXFileReference; lastKnownFileType = sourcecode.swift; path = "Pedido+CoreDataProperties.swift"; sourceTree = "<group>"; };
		0B578AA22B086E9A00CC2D63 /* PresentacionViewController.swift */ = {isa = PBXFileReference; lastKnownFileType = sourcecode.swift; path = PresentacionViewController.swift; sourceTree = "<group>"; };
		0B578AA42B086EAC00CC2D63 /* DireccionViewController.swift */ = {isa = PBXFileReference; lastKnownFileType = sourcecode.swift; path = DireccionViewController.swift; sourceTree = "<group>"; };
		0B607ECB2ACE4DDB00D09466 /* PedidoCell.swift */ = {isa = PBXFileReference; lastKnownFileType = sourcecode.swift; path = PedidoCell.swift; sourceTree = "<group>"; };
		0B607ECD2ACE503500D09466 /* PedidoDataManager.swift */ = {isa = PBXFileReference; lastKnownFileType = sourcecode.swift; path = PedidoDataManager.swift; sourceTree = "<group>"; };
		0B607ED42ACE60B700D09466 /* ListaPedidosViewController.swift */ = {isa = PBXFileReference; lastKnownFileType = sourcecode.swift; path = ListaPedidosViewController.swift; sourceTree = "<group>"; };
		0B96F8CB2A8EE6C30079B4C9 /* ProyectoFinal_iOS.app */ = {isa = PBXFileReference; explicitFileType = wrapper.application; includeInIndex = 0; path = ProyectoFinal_iOS.app; sourceTree = BUILT_PRODUCTS_DIR; };
		0B96F8CE2A8EE6C30079B4C9 /* AppDelegate.swift */ = {isa = PBXFileReference; lastKnownFileType = sourcecode.swift; path = AppDelegate.swift; sourceTree = "<group>"; };
		0B96F8D02A8EE6C30079B4C9 /* SceneDelegate.swift */ = {isa = PBXFileReference; lastKnownFileType = sourcecode.swift; path = SceneDelegate.swift; sourceTree = "<group>"; };
		0B96F8D82A8EE6C30079B4C9 /* ProyectoFinal_iOS.xcdatamodel */ = {isa = PBXFileReference; lastKnownFileType = wrapper.xcdatamodel; path = ProyectoFinal_iOS.xcdatamodel; sourceTree = "<group>"; };
		0B96F8DA2A8EE6C40079B4C9 /* Assets.xcassets */ = {isa = PBXFileReference; lastKnownFileType = folder.assetcatalog; path = Assets.xcassets; sourceTree = "<group>"; };
		0B96F8DD2A8EE6C40079B4C9 /* Base */ = {isa = PBXFileReference; lastKnownFileType = file.storyboard; name = Base; path = Base.lproj/LaunchScreen.storyboard; sourceTree = "<group>"; };
		0B96F8DF2A8EE6C40079B4C9 /* Info.plist */ = {isa = PBXFileReference; lastKnownFileType = text.plist.xml; path = Info.plist; sourceTree = "<group>"; };
		0B96F8E72A8EE75A0079B4C9 /* Main.storyboard */ = {isa = PBXFileReference; fileEncoding = 4; lastKnownFileType = file.storyboard; path = Main.storyboard; sourceTree = "<group>"; };
		0B96F8EC2A8EECB70079B4C9 /* LoginViewController.swift */ = {isa = PBXFileReference; lastKnownFileType = sourcecode.swift; path = LoginViewController.swift; sourceTree = "<group>"; };
		0B96F8EE2A8EF4820079B4C9 /* RegisterViewController.swift */ = {isa = PBXFileReference; lastKnownFileType = sourcecode.swift; path = RegisterViewController.swift; sourceTree = "<group>"; };
		0B96F8F02A8F17730079B4C9 /* NuevoPedidoViewController.swift */ = {isa = PBXFileReference; lastKnownFileType = sourcecode.swift; path = NuevoPedidoViewController.swift; sourceTree = "<group>"; };
		0B96F8F62A8F33B20079B4C9 /* DetallePedidoViewController.swift */ = {isa = PBXFileReference; lastKnownFileType = sourcecode.swift; path = DetallePedidoViewController.swift; sourceTree = "<group>"; };
		0BB70CEF2AD8D65D00559E7D /* CatalogoProductosViewController.swift */ = {isa = PBXFileReference; lastKnownFileType = sourcecode.swift; path = CatalogoProductosViewController.swift; sourceTree = "<group>"; };
		0BB70CF12AD8D9D500559E7D /* ProductoCell.swift */ = {isa = PBXFileReference; lastKnownFileType = sourcecode.swift; path = ProductoCell.swift; sourceTree = "<group>"; };
		0BB70CF42AD8DE2400559E7D /* ProductoService.swift */ = {isa = PBXFileReference; lastKnownFileType = sourcecode.swift; path = ProductoService.swift; sourceTree = "<group>"; };
		0BB70CF62AD8DE6100559E7D /* Producto.swift */ = {isa = PBXFileReference; lastKnownFileType = sourcecode.swift; path = Producto.swift; sourceTree = "<group>"; };
		0BB70CF92AD8E02300559E7D /* Constants.swift */ = {isa = PBXFileReference; lastKnownFileType = sourcecode.swift; path = Constants.swift; sourceTree = "<group>"; };
		0BB70D062AD90F6C00559E7D /* DetalleProducto.swift */ = {isa = PBXFileReference; lastKnownFileType = sourcecode.swift; path = DetalleProducto.swift; sourceTree = "<group>"; };
		0BFBA6782AE239D100583E4D /* DetalleProductoViewController.swift */ = {isa = PBXFileReference; lastKnownFileType = sourcecode.swift; path = DetalleProductoViewController.swift; sourceTree = "<group>"; };
/* End PBXFileReference section */

/* Begin PBXFrameworksBuildPhase section */
		0B96F8C82A8EE6C30079B4C9 /* Frameworks */ = {
			isa = PBXFrameworksBuildPhase;
			buildActionMask = 2147483647;
			files = (
				0BB70D052AD8F17900559E7D /* SDWebImageMapKit in Frameworks */,
				0B0FBE412B1D60BE004FCE6F /* FirebaseAnalyticsWithoutAdIdSupport in Frameworks */,
				0BB70D032AD8F17900559E7D /* SDWebImage in Frameworks */,
				0B0FBE3B2B1D60BE004FCE6F /* FirebaseAnalytics in Frameworks */,
				0B0FBE432B1D60BE004FCE6F /* FirebaseAppCheck in Frameworks */,
				0B0FBE3D2B1D60BE004FCE6F /* FirebaseAnalyticsOnDeviceConversion in Frameworks */,
				0B0FBE3F2B1D60BE004FCE6F /* FirebaseAnalyticsSwift in Frameworks */,
				0B0FBE462B1D667C004FCE6F /* FirebaseAuth in Frameworks */,
			);
			runOnlyForDeploymentPostprocessing = 0;
		};
/* End PBXFrameworksBuildPhase section */

/* Begin PBXGroup section */
		0B0FBE442B1D667C004FCE6F /* Frameworks */ = {
			isa = PBXGroup;
			children = (
			);
			name = Frameworks;
			sourceTree = "<group>";
		};
		0B96F8C22A8EE6C30079B4C9 = {
			isa = PBXGroup;
			children = (
				0B3C6BF62B1286C100D50456 /* Pedido+CoreDataClass.swift */,
				0B3C6BF72B1286C100D50456 /* Pedido+CoreDataProperties.swift */,
				0B96F8CD2A8EE6C30079B4C9 /* ProyectoFinal_iOS */,
				0B96F8CC2A8EE6C30079B4C9 /* Products */,
				0B0FBE442B1D667C004FCE6F /* Frameworks */,
			);
			sourceTree = "<group>";
			tabWidth = 4;
		};
		0B96F8CC2A8EE6C30079B4C9 /* Products */ = {
			isa = PBXGroup;
			children = (
				0B96F8CB2A8EE6C30079B4C9 /* ProyectoFinal_iOS.app */,
			);
			name = Products;
			sourceTree = "<group>";
		};
		0B96F8CD2A8EE6C30079B4C9 /* ProyectoFinal_iOS */ = {
			isa = PBXGroup;
			children = (
				0B0FBE372B1D5FEF004FCE6F /* GoogleService-Info.plist */,
				0BB70CF82AD8E01600559E7D /* Constants */,
				0BB70CF32AD8DE0500559E7D /* Service */,
				0B96F8EB2A8EEA2C0079B4C9 /* Controller */,
				0B96F8EA2A8EEA1F0079B4C9 /* View */,
				0B96F8E92A8EEA0E0079B4C9 /* Model */,
				0B96F8CE2A8EE6C30079B4C9 /* AppDelegate.swift */,
				0B96F8D02A8EE6C30079B4C9 /* SceneDelegate.swift */,
				0B96F8E72A8EE75A0079B4C9 /* Main.storyboard */,
				0B96F8DA2A8EE6C40079B4C9 /* Assets.xcassets */,
				0B96F8DC2A8EE6C40079B4C9 /* LaunchScreen.storyboard */,
				0B96F8DF2A8EE6C40079B4C9 /* Info.plist */,
				0B96F8D72A8EE6C30079B4C9 /* ProyectoFinal_iOS.xcdatamodeld */,
			);
			path = ProyectoFinal_iOS;
			sourceTree = "<group>";
		};
		0B96F8E92A8EEA0E0079B4C9 /* Model */ = {
			isa = PBXGroup;
			children = (
				0B607ECD2ACE503500D09466 /* PedidoDataManager.swift */,
				0BB70CF62AD8DE6100559E7D /* Producto.swift */,
				0BB70D062AD90F6C00559E7D /* DetalleProducto.swift */,
				0B0FBE4B2B1D85E4004FCE6F /* MenuOption.swift */,
			);
			path = Model;
			sourceTree = "<group>";
		};
		0B96F8EA2A8EEA1F0079B4C9 /* View */ = {
			isa = PBXGroup;
			children = (
				0B607ECB2ACE4DDB00D09466 /* PedidoCell.swift */,
				0BB70CF12AD8D9D500559E7D /* ProductoCell.swift */,
				0B0FBE492B1D83CE004FCE6F /* MenuCell.swift */,
			);
			path = View;
			sourceTree = "<group>";
		};
		0B96F8EB2A8EEA2C0079B4C9 /* Controller */ = {
			isa = PBXGroup;
			children = (
				0B96F8EC2A8EECB70079B4C9 /* LoginViewController.swift */,
				0B96F8EE2A8EF4820079B4C9 /* RegisterViewController.swift */,
				0B96F8F02A8F17730079B4C9 /* NuevoPedidoViewController.swift */,
				0B96F8F62A8F33B20079B4C9 /* DetallePedidoViewController.swift */,
				0B607ED42ACE60B700D09466 /* ListaPedidosViewController.swift */,
				0BB70CEF2AD8D65D00559E7D /* CatalogoProductosViewController.swift */,
				0BFBA6782AE239D100583E4D /* DetalleProductoViewController.swift */,
				0B578AA22B086E9A00CC2D63 /* PresentacionViewController.swift */,
				0B578AA42B086EAC00CC2D63 /* DireccionViewController.swift */,
				0B0FBE472B1D80D6004FCE6F /* ConfiguracionViewController.swift */,
			);
			path = Controller;
			sourceTree = "<group>";
		};
		0BB70CF32AD8DE0500559E7D /* Service */ = {
			isa = PBXGroup;
			children = (
				0BB70CF42AD8DE2400559E7D /* ProductoService.swift */,
			);
			path = Service;
			sourceTree = "<group>";
		};
		0BB70CF82AD8E01600559E7D /* Constants */ = {
			isa = PBXGroup;
			children = (
				0BB70CF92AD8E02300559E7D /* Constants.swift */,
			);
			path = Constants;
			sourceTree = "<group>";
		};
/* End PBXGroup section */

/* Begin PBXNativeTarget section */
		0B96F8CA2A8EE6C30079B4C9 /* ProyectoFinal_iOS */ = {
			isa = PBXNativeTarget;
			buildConfigurationList = 0B96F8E22A8EE6C40079B4C9 /* Build configuration list for PBXNativeTarget "ProyectoFinal_iOS" */;
			buildPhases = (
				0B96F8C72A8EE6C30079B4C9 /* Sources */,
				0B96F8C82A8EE6C30079B4C9 /* Frameworks */,
				0B96F8C92A8EE6C30079B4C9 /* Resources */,
			);
			buildRules = (
			);
			dependencies = (
			);
			name = ProyectoFinal_iOS;
			packageProductDependencies = (
				0BB70D022AD8F17900559E7D /* SDWebImage */,
				0BB70D042AD8F17900559E7D /* SDWebImageMapKit */,
				0B0FBE3A2B1D60BE004FCE6F /* FirebaseAnalytics */,
				0B0FBE3C2B1D60BE004FCE6F /* FirebaseAnalyticsOnDeviceConversion */,
				0B0FBE3E2B1D60BE004FCE6F /* FirebaseAnalyticsSwift */,
				0B0FBE402B1D60BE004FCE6F /* FirebaseAnalyticsWithoutAdIdSupport */,
				0B0FBE422B1D60BE004FCE6F /* FirebaseAppCheck */,
				0B0FBE452B1D667C004FCE6F /* FirebaseAuth */,
			);
			productName = ProyectoFinal_iOS;
			productReference = 0B96F8CB2A8EE6C30079B4C9 /* ProyectoFinal_iOS.app */;
			productType = "com.apple.product-type.application";
		};
/* End PBXNativeTarget section */

/* Begin PBXProject section */
		0B96F8C32A8EE6C30079B4C9 /* Project object */ = {
			isa = PBXProject;
			attributes = {
				BuildIndependentTargetsInParallel = 1;
				LastSwiftUpdateCheck = 1430;
				LastUpgradeCheck = 1500;
				TargetAttributes = {
					0B96F8CA2A8EE6C30079B4C9 = {
						CreatedOnToolsVersion = 14.3.1;
					};
				};
			};
			buildConfigurationList = 0B96F8C62A8EE6C30079B4C9 /* Build configuration list for PBXProject "ProyectoFinal_iOS" */;
			compatibilityVersion = "Xcode 14.0";
			developmentRegion = en;
			hasScannedForEncodings = 0;
			knownRegions = (
				en,
				Base,
			);
			mainGroup = 0B96F8C22A8EE6C30079B4C9;
			packageReferences = (
				0BB70D012AD8F17900559E7D /* XCRemoteSwiftPackageReference "SDWebImage" */,
				0B0FBE392B1D60BE004FCE6F /* XCRemoteSwiftPackageReference "firebase-ios-sdk" */,
			);
			productRefGroup = 0B96F8CC2A8EE6C30079B4C9 /* Products */;
			projectDirPath = "";
			projectRoot = "";
			targets = (
				0B96F8CA2A8EE6C30079B4C9 /* ProyectoFinal_iOS */,
			);
		};
/* End PBXProject section */

/* Begin PBXResourcesBuildPhase section */
		0B96F8C92A8EE6C30079B4C9 /* Resources */ = {
			isa = PBXResourcesBuildPhase;
			buildActionMask = 2147483647;
			files = (
				0B96F8E82A8EE75A0079B4C9 /* Main.storyboard in Resources */,
				0B0FBE382B1D5FEF004FCE6F /* GoogleService-Info.plist in Resources */,
				0B96F8DE2A8EE6C40079B4C9 /* LaunchScreen.storyboard in Resources */,
				0B96F8DB2A8EE6C40079B4C9 /* Assets.xcassets in Resources */,
			);
			runOnlyForDeploymentPostprocessing = 0;
		};
/* End PBXResourcesBuildPhase section */

/* Begin PBXSourcesBuildPhase section */
		0B96F8C72A8EE6C30079B4C9 /* Sources */ = {
			isa = PBXSourcesBuildPhase;
			buildActionMask = 2147483647;
			files = (
				0B96F8ED2A8EECB70079B4C9 /* LoginViewController.swift in Sources */,
				0BB70CFA2AD8E02300559E7D /* Constants.swift in Sources */,
				0BFBA6792AE239D100583E4D /* DetalleProductoViewController.swift in Sources */,
				0B607ECC2ACE4DDB00D09466 /* PedidoCell.swift in Sources */,
				0B96F8F72A8F33B20079B4C9 /* DetallePedidoViewController.swift in Sources */,
				0B0FBE4C2B1D85E4004FCE6F /* MenuOption.swift in Sources */,
				0B578AA52B086EAC00CC2D63 /* DireccionViewController.swift in Sources */,
				0B0FBE482B1D80D6004FCE6F /* ConfiguracionViewController.swift in Sources */,
				0B0FBE4A2B1D83CE004FCE6F /* MenuCell.swift in Sources */,
				0B96F8EF2A8EF4820079B4C9 /* RegisterViewController.swift in Sources */,
				0BB70CF52AD8DE2400559E7D /* ProductoService.swift in Sources */,
				0B3C6BF92B1286C100D50456 /* Pedido+CoreDataProperties.swift in Sources */,
				0B607ECE2ACE503500D09466 /* PedidoDataManager.swift in Sources */,
				0B607ED52ACE60B700D09466 /* ListaPedidosViewController.swift in Sources */,
				0B578AA32B086E9A00CC2D63 /* PresentacionViewController.swift in Sources */,
				0BB70CF02AD8D65D00559E7D /* CatalogoProductosViewController.swift in Sources */,
				0BB70CF72AD8DE6100559E7D /* Producto.swift in Sources */,
				0B96F8CF2A8EE6C30079B4C9 /* AppDelegate.swift in Sources */,
				0B3C6BF82B1286C100D50456 /* Pedido+CoreDataClass.swift in Sources */,
				0B96F8D12A8EE6C30079B4C9 /* SceneDelegate.swift in Sources */,
				0B96F8D92A8EE6C30079B4C9 /* ProyectoFinal_iOS.xcdatamodeld in Sources */,
				0B96F8F12A8F17730079B4C9 /* NuevoPedidoViewController.swift in Sources */,
				0BB70CF22AD8D9D500559E7D /* ProductoCell.swift in Sources */,
				0BB70D072AD90F6C00559E7D /* DetalleProducto.swift in Sources */,
			);
			runOnlyForDeploymentPostprocessing = 0;
		};
/* End PBXSourcesBuildPhase section */

/* Begin PBXVariantGroup section */
		0B96F8DC2A8EE6C40079B4C9 /* LaunchScreen.storyboard */ = {
			isa = PBXVariantGroup;
			children = (
				0B96F8DD2A8EE6C40079B4C9 /* Base */,
			);
			name = LaunchScreen.storyboard;
			sourceTree = "<group>";
		};
/* End PBXVariantGroup section */

/* Begin XCBuildConfiguration section */
		0B96F8E02A8EE6C40079B4C9 /* Debug */ = {
			isa = XCBuildConfiguration;
			buildSettings = {
				ALWAYS_SEARCH_USER_PATHS = NO;
				ASSETCATALOG_COMPILER_GENERATE_SWIFT_ASSET_SYMBOL_EXTENSIONS = YES;
				CLANG_ANALYZER_NONNULL = YES;
				CLANG_ANALYZER_NUMBER_OBJECT_CONVERSION = YES_AGGRESSIVE;
				CLANG_CXX_LANGUAGE_STANDARD = "gnu++20";
				CLANG_ENABLE_MODULES = YES;
				CLANG_ENABLE_OBJC_ARC = YES;
				CLANG_ENABLE_OBJC_WEAK = YES;
				CLANG_WARN_BLOCK_CAPTURE_AUTORELEASING = YES;
				CLANG_WARN_BOOL_CONVERSION = YES;
				CLANG_WARN_COMMA = YES;
				CLANG_WARN_CONSTANT_CONVERSION = YES;
				CLANG_WARN_DEPRECATED_OBJC_IMPLEMENTATIONS = YES;
				CLANG_WARN_DIRECT_OBJC_ISA_USAGE = YES_ERROR;
				CLANG_WARN_DOCUMENTATION_COMMENTS = YES;
				CLANG_WARN_EMPTY_BODY = YES;
				CLANG_WARN_ENUM_CONVERSION = YES;
				CLANG_WARN_INFINITE_RECURSION = YES;
				CLANG_WARN_INT_CONVERSION = YES;
				CLANG_WARN_NON_LITERAL_NULL_CONVERSION = YES;
				CLANG_WARN_OBJC_IMPLICIT_RETAIN_SELF = YES;
				CLANG_WARN_OBJC_LITERAL_CONVERSION = YES;
				CLANG_WARN_OBJC_ROOT_CLASS = YES_ERROR;
				CLANG_WARN_QUOTED_INCLUDE_IN_FRAMEWORK_HEADER = YES;
				CLANG_WARN_RANGE_LOOP_ANALYSIS = YES;
				CLANG_WARN_STRICT_PROTOTYPES = YES;
				CLANG_WARN_SUSPICIOUS_MOVE = YES;
				CLANG_WARN_UNGUARDED_AVAILABILITY = YES_AGGRESSIVE;
				CLANG_WARN_UNREACHABLE_CODE = YES;
				CLANG_WARN__DUPLICATE_METHOD_MATCH = YES;
				COPY_PHASE_STRIP = NO;
				DEBUG_INFORMATION_FORMAT = dwarf;
				ENABLE_STRICT_OBJC_MSGSEND = YES;
				ENABLE_TESTABILITY = YES;
				ENABLE_USER_SCRIPT_SANDBOXING = YES;
				GCC_C_LANGUAGE_STANDARD = gnu11;
				GCC_DYNAMIC_NO_PIC = NO;
				GCC_NO_COMMON_BLOCKS = YES;
				GCC_OPTIMIZATION_LEVEL = 0;
				GCC_PREPROCESSOR_DEFINITIONS = (
					"DEBUG=1",
					"$(inherited)",
				);
				GCC_WARN_64_TO_32_BIT_CONVERSION = YES;
				GCC_WARN_ABOUT_RETURN_TYPE = YES_ERROR;
				GCC_WARN_UNDECLARED_SELECTOR = YES;
				GCC_WARN_UNINITIALIZED_AUTOS = YES_AGGRESSIVE;
				GCC_WARN_UNUSED_FUNCTION = YES;
				GCC_WARN_UNUSED_VARIABLE = YES;
				IPHONEOS_DEPLOYMENT_TARGET = 16.4;
				MTL_ENABLE_DEBUG_INFO = INCLUDE_SOURCE;
				MTL_FAST_MATH = YES;
				ONLY_ACTIVE_ARCH = YES;
				SDKROOT = iphoneos;
				SWIFT_ACTIVE_COMPILATION_CONDITIONS = DEBUG;
				SWIFT_OPTIMIZATION_LEVEL = "-Onone";
			};
			name = Debug;
		};
		0B96F8E12A8EE6C40079B4C9 /* Release */ = {
			isa = XCBuildConfiguration;
			buildSettings = {
				ALWAYS_SEARCH_USER_PATHS = NO;
				ASSETCATALOG_COMPILER_GENERATE_SWIFT_ASSET_SYMBOL_EXTENSIONS = YES;
				CLANG_ANALYZER_NONNULL = YES;
				CLANG_ANALYZER_NUMBER_OBJECT_CONVERSION = YES_AGGRESSIVE;
				CLANG_CXX_LANGUAGE_STANDARD = "gnu++20";
				CLANG_ENABLE_MODULES = YES;
				CLANG_ENABLE_OBJC_ARC = YES;
				CLANG_ENABLE_OBJC_WEAK = YES;
				CLANG_WARN_BLOCK_CAPTURE_AUTORELEASING = YES;
				CLANG_WARN_BOOL_CONVERSION = YES;
				CLANG_WARN_COMMA = YES;
				CLANG_WARN_CONSTANT_CONVERSION = YES;
				CLANG_WARN_DEPRECATED_OBJC_IMPLEMENTATIONS = YES;
				CLANG_WARN_DIRECT_OBJC_ISA_USAGE = YES_ERROR;
				CLANG_WARN_DOCUMENTATION_COMMENTS = YES;
				CLANG_WARN_EMPTY_BODY = YES;
				CLANG_WARN_ENUM_CONVERSION = YES;
				CLANG_WARN_INFINITE_RECURSION = YES;
				CLANG_WARN_INT_CONVERSION = YES;
				CLANG_WARN_NON_LITERAL_NULL_CONVERSION = YES;
				CLANG_WARN_OBJC_IMPLICIT_RETAIN_SELF = YES;
				CLANG_WARN_OBJC_LITERAL_CONVERSION = YES;
				CLANG_WARN_OBJC_ROOT_CLASS = YES_ERROR;
				CLANG_WARN_QUOTED_INCLUDE_IN_FRAMEWORK_HEADER = YES;
				CLANG_WARN_RANGE_LOOP_ANALYSIS = YES;
				CLANG_WARN_STRICT_PROTOTYPES = YES;
				CLANG_WARN_SUSPICIOUS_MOVE = YES;
				CLANG_WARN_UNGUARDED_AVAILABILITY = YES_AGGRESSIVE;
				CLANG_WARN_UNREACHABLE_CODE = YES;
				CLANG_WARN__DUPLICATE_METHOD_MATCH = YES;
				COPY_PHASE_STRIP = NO;
				DEBUG_INFORMATION_FORMAT = "dwarf-with-dsym";
				ENABLE_NS_ASSERTIONS = NO;
				ENABLE_STRICT_OBJC_MSGSEND = YES;
				ENABLE_USER_SCRIPT_SANDBOXING = YES;
				GCC_C_LANGUAGE_STANDARD = gnu11;
				GCC_NO_COMMON_BLOCKS = YES;
				GCC_WARN_64_TO_32_BIT_CONVERSION = YES;
				GCC_WARN_ABOUT_RETURN_TYPE = YES_ERROR;
				GCC_WARN_UNDECLARED_SELECTOR = YES;
				GCC_WARN_UNINITIALIZED_AUTOS = YES_AGGRESSIVE;
				GCC_WARN_UNUSED_FUNCTION = YES;
				GCC_WARN_UNUSED_VARIABLE = YES;
				IPHONEOS_DEPLOYMENT_TARGET = 16.4;
				MTL_ENABLE_DEBUG_INFO = NO;
				MTL_FAST_MATH = YES;
				SDKROOT = iphoneos;
				SWIFT_COMPILATION_MODE = wholemodule;
				SWIFT_OPTIMIZATION_LEVEL = "-O";
				VALIDATE_PRODUCT = YES;
			};
			name = Release;
		};
		0B96F8E32A8EE6C40079B4C9 /* Debug */ = {
			isa = XCBuildConfiguration;
			buildSettings = {
				ASSETCATALOG_COMPILER_APPICON_NAME = AppIcon;
				ASSETCATALOG_COMPILER_GLOBAL_ACCENT_COLOR_NAME = AccentColor;
				CODE_SIGN_STYLE = Automatic;
				CURRENT_PROJECT_VERSION = 1;
				DEVELOPMENT_TEAM = T685H35HZ9;
				GENERATE_INFOPLIST_FILE = YES;
				INFOPLIST_FILE = ProyectoFinal_iOS/Info.plist;
				INFOPLIST_KEY_UIApplicationSupportsIndirectInputEvents = YES;
				INFOPLIST_KEY_UILaunchStoryboardName = LaunchScreen;
				INFOPLIST_KEY_UIMainStoryboardFile = Main;
				INFOPLIST_KEY_UISupportedInterfaceOrientations_iPad = "UIInterfaceOrientationPortrait UIInterfaceOrientationPortraitUpsideDown UIInterfaceOrientationLandscapeLeft UIInterfaceOrientationLandscapeRight";
				INFOPLIST_KEY_UISupportedInterfaceOrientations_iPhone = "UIInterfaceOrientationPortrait UIInterfaceOrientationLandscapeLeft UIInterfaceOrientationLandscapeRight";
				LD_RUNPATH_SEARCH_PATHS = (
					"$(inherited)",
					"@executable_path/Frameworks",
				);
				MARKETING_VERSION = 1.0;
				PRODUCT_BUNDLE_IDENTIFIER = "com.ags.proyectofinal-ios";
				PRODUCT_NAME = "$(TARGET_NAME)";
				SWIFT_EMIT_LOC_STRINGS = YES;
				SWIFT_VERSION = 5.0;
				TARGETED_DEVICE_FAMILY = "1,2";
			};
			name = Debug;
		};
		0B96F8E42A8EE6C40079B4C9 /* Release */ = {
			isa = XCBuildConfiguration;
			buildSettings = {
				ASSETCATALOG_COMPILER_APPICON_NAME = AppIcon;
				ASSETCATALOG_COMPILER_GLOBAL_ACCENT_COLOR_NAME = AccentColor;
				CODE_SIGN_STYLE = Automatic;
				CURRENT_PROJECT_VERSION = 1;
				DEVELOPMENT_TEAM = T685H35HZ9;
				GENERATE_INFOPLIST_FILE = YES;
				INFOPLIST_FILE = ProyectoFinal_iOS/Info.plist;
				INFOPLIST_KEY_UIApplicationSupportsIndirectInputEvents = YES;
				INFOPLIST_KEY_UILaunchStoryboardName = LaunchScreen;
				INFOPLIST_KEY_UIMainStoryboardFile = Main;
				INFOPLIST_KEY_UISupportedInterfaceOrientations_iPad = "UIInterfaceOrientationPortrait UIInterfaceOrientationPortraitUpsideDown UIInterfaceOrientationLandscapeLeft UIInterfaceOrientationLandscapeRight";
				INFOPLIST_KEY_UISupportedInterfaceOrientations_iPhone = "UIInterfaceOrientationPortrait UIInterfaceOrientationLandscapeLeft UIInterfaceOrientationLandscapeRight";
				LD_RUNPATH_SEARCH_PATHS = (
					"$(inherited)",
					"@executable_path/Frameworks",
				);
				MARKETING_VERSION = 1.0;
				PRODUCT_BUNDLE_IDENTIFIER = "com.ags.proyectofinal-ios";
				PRODUCT_NAME = "$(TARGET_NAME)";
				SWIFT_EMIT_LOC_STRINGS = YES;
				SWIFT_VERSION = 5.0;
				TARGETED_DEVICE_FAMILY = "1,2";
			};
			name = Release;
		};
/* End XCBuildConfiguration section */

/* Begin XCConfigurationList section */
		0B96F8C62A8EE6C30079B4C9 /* Build configuration list for PBXProject "ProyectoFinal_iOS" */ = {
			isa = XCConfigurationList;
			buildConfigurations = (
				0B96F8E02A8EE6C40079B4C9 /* Debug */,
				0B96F8E12A8EE6C40079B4C9 /* Release */,
			);
			defaultConfigurationIsVisible = 0;
			defaultConfigurationName = Release;
		};
		0B96F8E22A8EE6C40079B4C9 /* Build configuration list for PBXNativeTarget "ProyectoFinal_iOS" */ = {
			isa = XCConfigurationList;
			buildConfigurations = (
				0B96F8E32A8EE6C40079B4C9 /* Debug */,
				0B96F8E42A8EE6C40079B4C9 /* Release */,
			);
			defaultConfigurationIsVisible = 0;
			defaultConfigurationName = Release;
		};
/* End XCConfigurationList section */

/* Begin XCRemoteSwiftPackageReference section */
		0B0FBE392B1D60BE004FCE6F /* XCRemoteSwiftPackageReference "firebase-ios-sdk" */ = {
			isa = XCRemoteSwiftPackageReference;
			repositoryURL = "https://github.com/firebase/firebase-ios-sdk";
			requirement = {
				kind = upToNextMajorVersion;
				minimumVersion = 10.18.0;
			};
		};
		0BB70D012AD8F17900559E7D /* XCRemoteSwiftPackageReference "SDWebImage" */ = {
			isa = XCRemoteSwiftPackageReference;
			repositoryURL = "https://github.com/SDWebImage/SDWebImage.git";
			requirement = {
				kind = upToNextMajorVersion;
				minimumVersion = 5.18.3;
			};
		};
/* End XCRemoteSwiftPackageReference section */

/* Begin XCSwiftPackageProductDependency section */
		0B0FBE3A2B1D60BE004FCE6F /* FirebaseAnalytics */ = {
			isa = XCSwiftPackageProductDependency;
			package = 0B0FBE392B1D60BE004FCE6F /* XCRemoteSwiftPackageReference "firebase-ios-sdk" */;
			productName = FirebaseAnalytics;
		};
		0B0FBE3C2B1D60BE004FCE6F /* FirebaseAnalyticsOnDeviceConversion */ = {
			isa = XCSwiftPackageProductDependency;
			package = 0B0FBE392B1D60BE004FCE6F /* XCRemoteSwiftPackageReference "firebase-ios-sdk" */;
			productName = FirebaseAnalyticsOnDeviceConversion;
		};
		0B0FBE3E2B1D60BE004FCE6F /* FirebaseAnalyticsSwift */ = {
			isa = XCSwiftPackageProductDependency;
			package = 0B0FBE392B1D60BE004FCE6F /* XCRemoteSwiftPackageReference "firebase-ios-sdk" */;
			productName = FirebaseAnalyticsSwift;
		};
		0B0FBE402B1D60BE004FCE6F /* FirebaseAnalyticsWithoutAdIdSupport */ = {
			isa = XCSwiftPackageProductDependency;
			package = 0B0FBE392B1D60BE004FCE6F /* XCRemoteSwiftPackageReference "firebase-ios-sdk" */;
			productName = FirebaseAnalyticsWithoutAdIdSupport;
		};
		0B0FBE422B1D60BE004FCE6F /* FirebaseAppCheck */ = {
			isa = XCSwiftPackageProductDependency;
			package = 0B0FBE392B1D60BE004FCE6F /* XCRemoteSwiftPackageReference "firebase-ios-sdk" */;
			productName = FirebaseAppCheck;
		};
		0B0FBE452B1D667C004FCE6F /* FirebaseAuth */ = {
			isa = XCSwiftPackageProductDependency;
			package = 0B0FBE392B1D60BE004FCE6F /* XCRemoteSwiftPackageReference "firebase-ios-sdk" */;
			productName = FirebaseAuth;
		};
		0BB70D022AD8F17900559E7D /* SDWebImage */ = {
			isa = XCSwiftPackageProductDependency;
			package = 0BB70D012AD8F17900559E7D /* XCRemoteSwiftPackageReference "SDWebImage" */;
			productName = SDWebImage;
		};
		0BB70D042AD8F17900559E7D /* SDWebImageMapKit */ = {
			isa = XCSwiftPackageProductDependency;
			package = 0BB70D012AD8F17900559E7D /* XCRemoteSwiftPackageReference "SDWebImage" */;
			productName = SDWebImageMapKit;
		};
/* End XCSwiftPackageProductDependency section */

/* Begin XCVersionGroup section */
		0B96F8D72A8EE6C30079B4C9 /* ProyectoFinal_iOS.xcdatamodeld */ = {
			isa = XCVersionGroup;
			children = (
				0B96F8D82A8EE6C30079B4C9 /* ProyectoFinal_iOS.xcdatamodel */,
			);
			currentVersion = 0B96F8D82A8EE6C30079B4C9 /* ProyectoFinal_iOS.xcdatamodel */;
			path = ProyectoFinal_iOS.xcdatamodeld;
			sourceTree = "<group>";
			versionGroupType = wrapper.xcdatamodel;
		};
/* End XCVersionGroup section */
	};
	rootObject = 0B96F8C32A8EE6C30079B4C9 /* Project object */;
}
